// !$*UTF8*$!
{
	archiveVersion = 1;
	classes = {
	};
	objectVersion = 46;
	objects = {

/* Begin PBXBuildFile section */
		91426FA91E74F5DB00A719FB /* AppDelegate.swift in Sources */ = {isa = PBXBuildFile; fileRef = 91426FA81E74F5DB00A719FB /* AppDelegate.swift */; };
		91426FAB1E74F5DB00A719FB /* MainVC.swift in Sources */ = {isa = PBXBuildFile; fileRef = 91426FAA1E74F5DB00A719FB /* MainVC.swift */; };
		91426FAE1E74F5DB00A719FB /* Main.storyboard in Resources */ = {isa = PBXBuildFile; fileRef = 91426FAC1E74F5DB00A719FB /* Main.storyboard */; };
		91426FB01E74F5DB00A719FB /* Assets.xcassets in Resources */ = {isa = PBXBuildFile; fileRef = 91426FAF1E74F5DB00A719FB /* Assets.xcassets */; };
		91426FB31E74F5DB00A719FB /* LaunchScreen.storyboard in Resources */ = {isa = PBXBuildFile; fileRef = 91426FB11E74F5DB00A719FB /* LaunchScreen.storyboard */; };
		91426FBE1E74FBBB00A719FB /* still time.ttf in Resources */ = {isa = PBXBuildFile; fileRef = 91426FBD1E74FBBB00A719FB /* still time.ttf */; };
		91426FC11E74FCEB00A719FB /* VideoVC.swift in Sources */ = {isa = PBXBuildFile; fileRef = 91426FC01E74FCEA00A719FB /* VideoVC.swift */; };
		91426FC31E74FDEE00A719FB /* PartyCell.swift in Sources */ = {isa = PBXBuildFile; fileRef = 91426FC21E74FDEE00A719FB /* PartyCell.swift */; };
		91426FC51E74FF3500A719FB /* PartyRock.swift in Sources */ = {isa = PBXBuildFile; fileRef = 91426FC41E74FF3500A719FB /* PartyRock.swift */; };
/* End PBXBuildFile section */

/* Begin PBXFileReference section */
		91426FA51E74F5DA00A719FB /* PartyRockApp.app */ = {isa = PBXFileReference; explicitFileType = wrapper.application; includeInIndex = 0; path = PartyRockApp.app; sourceTree = BUILT_PRODUCTS_DIR; };
		91426FA81E74F5DB00A719FB /* AppDelegate.swift */ = {isa = PBXFileReference; lastKnownFileType = sourcecode.swift; path = AppDelegate.swift; sourceTree = "<group>"; };
		91426FAA1E74F5DB00A719FB /* MainVC.swift */ = {isa = PBXFileReference; lastKnownFileType = sourcecode.swift; path = MainVC.swift; sourceTree = "<group>"; };
		91426FAD1E74F5DB00A719FB /* Base */ = {isa = PBXFileReference; lastKnownFileType = file.storyboard; name = Base; path = Base.lproj/Main.storyboard; sourceTree = "<group>"; };
		91426FAF1E74F5DB00A719FB /* Assets.xcassets */ = {isa = PBXFileReference; lastKnownFileType = folder.assetcatalog; path = Assets.xcassets; sourceTree = "<group>"; };
		91426FB21E74F5DB00A719FB /* Base */ = {isa = PBXFileReference; lastKnownFileType = file.storyboard; name = Base; path = Base.lproj/LaunchScreen.storyboard; sourceTree = "<group>"; };
		91426FB41E74F5DB00A719FB /* Info.plist */ = {isa = PBXFileReference; lastKnownFileType = text.plist.xml; path = Info.plist; sourceTree = "<group>"; };
		91426FBD1E74FBBB00A719FB /* still time.ttf */ = {isa = PBXFileReference; lastKnownFileType = file; path = "still time.ttf"; sourceTree = "<group>"; };
		91426FC01E74FCEA00A719FB /* VideoVC.swift */ = {isa = PBXFileReference; fileEncoding = 4; lastKnownFileType = sourcecode.swift; path = VideoVC.swift; sourceTree = "<group>"; };
		91426FC21E74FDEE00A719FB /* PartyCell.swift */ = {isa = PBXFileReference; fileEncoding = 4; lastKnownFileType = sourcecode.swift; path = PartyCell.swift; sourceTree = "<group>"; };
		91426FC41E74FF3500A719FB /* PartyRock.swift */ = {isa = PBXFileReference; fileEncoding = 4; lastKnownFileType = sourcecode.swift; path = PartyRock.swift; sourceTree = "<group>"; };
/* End PBXFileReference section */

/* Begin PBXFrameworksBuildPhase section */
		91426FA21E74F5DA00A719FB /* Frameworks */ = {
			isa = PBXFrameworksBuildPhase;
			buildActionMask = 2147483647;
			files = (
			);
			runOnlyForDeploymentPostprocessing = 0;
		};
/* End PBXFrameworksBuildPhase section */

/* Begin PBXGroup section */
		91426F9C1E74F5DA00A719FB = {
			isa = PBXGroup;
			children = (
				91426FA71E74F5DA00A719FB /* PartyRockApp */,
				91426FA61E74F5DA00A719FB /* Products */,
			);
			sourceTree = "<group>";
		};
		91426FA61E74F5DA00A719FB /* Products */ = {
			isa = PBXGroup;
			children = (
				91426FA51E74F5DA00A719FB /* PartyRockApp.app */,
			);
			name = Products;
			sourceTree = "<group>";
		};
		91426FA71E74F5DA00A719FB /* PartyRockApp */ = {
			isa = PBXGroup;
			children = (
				91426FBF1E74FC2D00A719FB /* Resources */,
				91426FBC1E74F6CC00A719FB /* Model */,
				91426FBB1E74F6C700A719FB /* View */,
				91426FBA1E74F6BF00A719FB /* Controller */,
				91426FA81E74F5DB00A719FB /* AppDelegate.swift */,
				91426FAC1E74F5DB00A719FB /* Main.storyboard */,
				91426FAF1E74F5DB00A719FB /* Assets.xcassets */,
				91426FB11E74F5DB00A719FB /* LaunchScreen.storyboard */,
				91426FB41E74F5DB00A719FB /* Info.plist */,
			);
			path = PartyRockApp;
			sourceTree = "<group>";
		};
		91426FBA1E74F6BF00A719FB /* Controller */ = {
			isa = PBXGroup;
			children = (
				91426FC01E74FCEA00A719FB /* VideoVC.swift */,
				91426FAA1E74F5DB00A719FB /* MainVC.swift */,
			);
			name = Controller;
			sourceTree = "<group>";
		};
		91426FBB1E74F6C700A719FB /* View */ = {
			isa = PBXGroup;
			children = (
				91426FC21E74FDEE00A719FB /* PartyCell.swift */,
			);
			name = View;
			sourceTree = "<group>";
		};
		91426FBC1E74F6CC00A719FB /* Model */ = {
			isa = PBXGroup;
			children = (
				91426FC41E74FF3500A719FB /* PartyRock.swift */,
			);
			name = Model;
			sourceTree = "<group>";
		};
		91426FBF1E74FC2D00A719FB /* Resources */ = {
			isa = PBXGroup;
			children = (
				91426FBD1E74FBBB00A719FB /* still time.ttf */,
			);
			name = Resources;
			sourceTree = "<group>";
		};
/* End PBXGroup section */

/* Begin PBXNativeTarget section */
		91426FA41E74F5DA00A719FB /* PartyRockApp */ = {
			isa = PBXNativeTarget;
			buildConfigurationList = 91426FB71E74F5DB00A719FB /* Build configuration list for PBXNativeTarget "PartyRockApp" */;
			buildPhases = (
				91426FA11E74F5DA00A719FB /* Sources */,
				91426FA21E74F5DA00A719FB /* Frameworks */,
				91426FA31E74F5DA00A719FB /* Resources */,
			);
			buildRules = (
			);
			dependencies = (
			);
			name = PartyRockApp;
			productName = PartyRockApp;
			productReference = 91426FA51E74F5DA00A719FB /* PartyRockApp.app */;
			productType = "com.apple.product-type.application";
		};
/* End PBXNativeTarget section */

/* Begin PBXProject section */
		91426F9D1E74F5DA00A719FB /* Project object */ = {
			isa = PBXProject;
			attributes = {
				LastSwiftUpdateCheck = 0820;
				LastUpgradeCheck = 0820;
				ORGANIZATIONNAME = SeanPerez;
				TargetAttributes = {
					91426FA41E74F5DA00A719FB = {
						CreatedOnToolsVersion = 8.2.1;
						DevelopmentTeam = PW5CGBBSUC;
						ProvisioningStyle = Automatic;
					};
				};
			};
			buildConfigurationList = 91426FA01E74F5DA00A719FB /* Build configuration list for PBXProject "PartyRockApp" */;
			compatibilityVersion = "Xcode 3.2";
			developmentRegion = English;
			hasScannedForEncodings = 0;
			knownRegions = (
				en,
				Base,
			);
			mainGroup = 91426F9C1E74F5DA00A719FB;
			productRefGroup = 91426FA61E74F5DA00A719FB /* Products */;
			projectDirPath = "";
			projectRoot = "";
			targets = (
				91426FA41E74F5DA00A719FB /* PartyRockApp */,
			);
		};
/* End PBXProject section */

/* Begin PBXResourcesBuildPhase section */
		91426FA31E74F5DA00A719FB /* Resources */ = {
			isa = PBXResourcesBuildPhase;
			buildActionMask = 2147483647;
			files = (
				91426FB31E74F5DB00A719FB /* LaunchScreen.storyboard in Resources */,
				91426FBE1E74FBBB00A719FB /* still time.ttf in Resources */,
				91426FB01E74F5DB00A719FB /* Assets.xcassets in Resources */,
				91426FAE1E74F5DB00A719FB /* Main.storyboard in Resources */,
			);
			runOnlyForDeploymentPostprocessing = 0;
		};
/* End PBXResourcesBuildPhase section */

/* Begin PBXSourcesBuildPhase section */
		91426FA11E74F5DA00A719FB /* Sources */ = {
			isa = PBXSourcesBuildPhase;
			buildActionMask = 2147483647;
			files = (
				91426FC11E74FCEB00A719FB /* VideoVC.swift in Sources */,
				91426FAB1E74F5DB00A719FB /* MainVC.swift in Sources */,
				91426FC51E74FF3500A719FB /* PartyRock.swift in Sources */,
				91426FC31E74FDEE00A719FB /* PartyCell.swift in Sources */,
				91426FA91E74F5DB00A719FB /* AppDelegate.swift in Sources */,
			);
			runOnlyForDeploymentPostprocessing = 0;
		};
/* End PBXSourcesBuildPhase section */

/* Begin PBXVariantGroup section */
		91426FAC1E74F5DB00A719FB /* Main.storyboard */ = {
			isa = PBXVariantGroup;
			children = (
				91426FAD1E74F5DB00A719FB /* Base */,
			);
			name = Main.storyboard;
			sourceTree = "<group>";
		};
		91426FB11E74F5DB00A719FB /* LaunchScreen.storyboard */ = {
			isa = PBXVariantGroup;
			children = (
				91426FB21E74F5DB00A719FB /* Base */,
			);
			name = LaunchScreen.storyboard;
			sourceTree = "<group>";
		};
/* End PBXVariantGroup section */

/* Begin XCBuildConfiguration section */
		91426FB51E74F5DB00A719FB /* Debug */ = {
			isa = XCBuildConfiguration;
			buildSettings = {
				ALWAYS_SEARCH_USER_PATHS = NO;
				CLANG_ANALYZER_NONNULL = YES;
				CLANG_CXX_LANGUAGE_STANDARD = "gnu++0x";
				CLANG_CXX_LIBRARY = "libc++";
				CLANG_ENABLE_MODULES = YES;
				CLANG_ENABLE_OBJC_ARC = YES;
				CLANG_WARN_BOOL_CONVERSION = YES;
				CLANG_WARN_CONSTANT_CONVERSION = YES;
				CLANG_WARN_DIRECT_OBJC_ISA_USAGE = YES_ERROR;
				CLANG_WARN_DOCUMENTATION_COMMENTS = YES;
				CLANG_WARN_EMPTY_BODY = YES;
				CLANG_WARN_ENUM_CONVERSION = YES;
				CLANG_WARN_INFINITE_RECURSION = YES;
				CLANG_WARN_INT_CONVERSION = YES;
				CLANG_WARN_OBJC_ROOT_CLASS = YES_ERROR;
				CLANG_WARN_SUSPICIOUS_MOVE = YES;
				CLANG_WARN_UNREACHABLE_CODE = YES;
				CLANG_WARN__DUPLICATE_METHOD_MATCH = YES;
				"CODE_SIGN_IDENTITY[sdk=iphoneos*]" = "iPhone Developer";
				COPY_PHASE_STRIP = NO;
				DEBUG_INFORMATION_FORMAT = dwarf;
				ENABLE_STRICT_OBJC_MSGSEND = YES;
				ENABLE_TESTABILITY = YES;
				GCC_C_LANGUAGE_STANDARD = gnu99;
				GCC_DYNAMIC_NO_PIC = NO;
				GCC_NO_COMMON_BLOCKS = YES;
				GCC_OPTIMIZATION_LEVEL = 0;
				GCC_PREPROCESSOR_DEFINITIONS = (
					"DEBUG=1",
					"$(inherited)",
				);
				GCC_WARN_64_TO_32_BIT_CONVERSION = YES;
				GCC_WARN_ABOUT_RETURN_TYPE = YES_ERROR;
				GCC_WARN_UNDECLARED_SELECTOR = YES;
				GCC_WARN_UNINITIALIZED_AUTOS = YES_AGGRESSIVE;
				GCC_WARN_UNUSED_FUNCTION = YES;
				GCC_WARN_UNUSED_VARIABLE = YES;
				IPHONEOS_DEPLOYMENT_TARGET = 10.2;
				MTL_ENABLE_DEBUG_INFO = YES;
				ONLY_ACTIVE_ARCH = YES;
				SDKROOT = iphoneos;
				SWIFT_ACTIVE_COMPILATION_CONDITIONS = DEBUG;
				SWIFT_OPTIMIZATION_LEVEL = "-Onone";
			};
			name = Debug;
		};
		91426FB61E74F5DB00A719FB /* Release */ = {
			isa = XCBuildConfiguration;
			buildSettings = {
				ALWAYS_SEARCH_USER_PATHS = NO;
				CLANG_ANALYZER_NONNULL = YES;
				CLANG_CXX_LANGUAGE_STANDARD = "gnu++0x";
				CLANG_CXX_LIBRARY = "libc++";
				CLANG_ENABLE_MODULES = YES;
				CLANG_ENABLE_OBJC_ARC = YES;
				CLANG_WARN_BOOL_CONVERSION = YES;
				CLANG_WARN_CONSTANT_CONVERSION = YES;
				CLANG_WARN_DIRECT_OBJC_ISA_USAGE = YES_ERROR;
				CLANG_WARN_DOCUMENTATION_COMMENTS = YES;
				CLANG_WARN_EMPTY_BODY = YES;
				CLANG_WARN_ENUM_CONVERSION = YES;
				CLANG_WARN_INFINITE_RECURSION = YES;
				CLANG_WARN_INT_CONVERSION = YES;
				CLANG_WARN_OBJC_ROOT_CLASS = YES_ERROR;
				CLANG_WARN_SUSPICIOUS_MOVE = YES;
				CLANG_WARN_UNREACHABLE_CODE = YES;
				CLANG_WARN__DUPLICATE_METHOD_MATCH = YES;
				"CODE_SIGN_IDENTITY[sdk=iphoneos*]" = "iPhone Developer";
				COPY_PHASE_STRIP = NO;
				DEBUG_INFORMATION_FORMAT = "dwarf-with-dsym";
				ENABLE_NS_ASSERTIONS = NO;
				ENABLE_STRICT_OBJC_MSGSEND = YES;
				GCC_C_LANGUAGE_STANDARD = gnu99;
				GCC_NO_COMMON_BLOCKS = YES;
				GCC_WARN_64_TO_32_BIT_CONVERSION = YES;
				GCC_WARN_ABOUT_RETURN_TYPE = YES_ERROR;
				GCC_WARN_UNDECLARED_SELECTOR = YES;
				GCC_WARN_UNINITIALIZED_AUTOS = YES_AGGRESSIVE;
				GCC_WARN_UNUSED_FUNCTION = YES;
				GCC_WARN_UNUSED_VARIABLE = YES;
				IPHONEOS_DEPLOYMENT_TARGET = 10.2;
				MTL_ENABLE_DEBUG_INFO = NO;
				SDKROOT = iphoneos;
				SWIFT_OPTIMIZATION_LEVEL = "-Owholemodule";
				VALIDATE_PRODUCT = YES;
			};
			name = Release;
		};
		91426FB81E74F5DB00A719FB /* Debug */ = {
			isa = XCBuildConfiguration;
			buildSettings = {
				ASSETCATALOG_COMPILER_APPICON_NAME = AppIcon;
				DEVELOPMENT_TEAM = PW5CGBBSUC;
				INFOPLIST_FILE = PartyRockApp/Info.plist;
				LD_RUNPATH_SEARCH_PATHS = "$(inherited) @executable_path/Frameworks";
				PRODUCT_BUNDLE_IDENTIFIER = com.seanperez.PartyRockApp;
				PRODUCT_NAME = "$(TARGET_NAME)";
				SWIFT_VERSION = 3.0;
			};
			name = Debug;
		};
		91426FB91E74F5DB00A719FB /* Release */ = {
			isa = XCBuildConfiguration;
			buildSettings = {
				ASSETCATALOG_COMPILER_APPICON_NAME = AppIcon;
				DEVELOPMENT_TEAM = PW5CGBBSUC;
				INFOPLIST_FILE = PartyRockApp/Info.plist;
				LD_RUNPATH_SEARCH_PATHS = "$(inherited) @executable_path/Frameworks";
				PRODUCT_BUNDLE_IDENTIFIER = com.seanperez.PartyRockApp;
				PRODUCT_NAME = "$(TARGET_NAME)";
				SWIFT_VERSION = 3.0;
			};
			name = Release;
		};
/* End XCBuildConfiguration section */

/* Begin XCConfigurationList section */
		91426FA01E74F5DA00A719FB /* Build configuration list for PBXProject "PartyRockApp" */ = {
			isa = XCConfigurationList;
			buildConfigurations = (
				91426FB51E74F5DB00A719FB /* Debug */,
				91426FB61E74F5DB00A719FB /* Release */,
			);
			defaultConfigurationIsVisible = 0;
			defaultConfigurationName = Release;
		};
		91426FB71E74F5DB00A719FB /* Build configuration list for PBXNativeTarget "PartyRockApp" */ = {
			isa = XCConfigurationList;
			buildConfigurations = (
				91426FB81E74F5DB00A719FB /* Debug */,
				91426FB91E74F5DB00A719FB /* Release */,
			);
			defaultConfigurationIsVisible = 0;
		};
/* End XCConfigurationList section */
	};
	rootObject = 91426F9D1E74F5DA00A719FB /* Project object */;
}
